{
  "object": {
    "pins": [
      {
        "package": "libtesseract",
        "repositoryURL": "https://github.com/SwiftyTesseract/libtesseract.git",
        "state": {
          "branch": null,
          "revision": "d8b5fab45f5dc0b1d34b0ca7bf6620b72426adf1",
          "version": "0.1.0"
        }
      },
      {
        "package": "QKMRZParser",
        "repositoryURL": "/Users/simkoviktor/nlv8/binx/iOS/BINXWithSubmodules/QKMRZParser",
        "state": {
          "branch": "master",
          "revision": "de6e6646ee93969a4613c982a9c8a5f33014a75f",
          "version": null
        }
      },
      {
        "package": "SwiftyTesseract",
        "repositoryURL": "https://github.com/SwiftyTesseract/SwiftyTesseract",
        "state": {
          "branch": "develop",
          "revision": "5b3091b189fc58ff1a31078fc944f1c8b6f97e77",
          "version": null
        }
      }
    ]
  },
  "version": 1
}
